// !$*UTF8*$!
{
	archiveVersion = 1;
	classes = {
	};
	objectVersion = 55;
	objects = {

/* Begin PBXBuildFile section */
		840F906C28DD2A070048162F /* SwiftLearningApp.swift in Sources */ = {isa = PBXBuildFile; fileRef = 840F906B28DD2A070048162F /* SwiftLearningApp.swift */; };
		840F906E28DD2A070048162F /* ContentView.swift in Sources */ = {isa = PBXBuildFile; fileRef = 840F906D28DD2A070048162F /* ContentView.swift */; };
		840F907028DD2A090048162F /* Assets.xcassets in Resources */ = {isa = PBXBuildFile; fileRef = 840F906F28DD2A090048162F /* Assets.xcassets */; };
		840F907328DD2A090048162F /* Preview Assets.xcassets in Resources */ = {isa = PBXBuildFile; fileRef = 840F907228DD2A090048162F /* Preview Assets.xcassets */; };
		840F907D28DD2A090048162F /* SwiftLearningTests.swift in Sources */ = {isa = PBXBuildFile; fileRef = 840F907C28DD2A090048162F /* SwiftLearningTests.swift */; };
		840F908728DD2A090048162F /* SwiftLearningUITests.swift in Sources */ = {isa = PBXBuildFile; fileRef = 840F908628DD2A090048162F /* SwiftLearningUITests.swift */; };
		840F908928DD2A090048162F /* SwiftLearningUITestsLaunchTests.swift in Sources */ = {isa = PBXBuildFile; fileRef = 840F908828DD2A090048162F /* SwiftLearningUITestsLaunchTests.swift */; };
		840F909928DD2BF20048162F /* LotteryControl.swift in Sources */ = {isa = PBXBuildFile; fileRef = 840F909728DD2BF20048162F /* LotteryControl.swift */; };
		840F909A28DD2BF20048162F /* LotteryView.swift in Sources */ = {isa = PBXBuildFile; fileRef = 840F909828DD2BF20048162F /* LotteryView.swift */; };
		840F909C28DD2C8B0048162F /* PageRow.swift in Sources */ = {isa = PBXBuildFile; fileRef = 840F909B28DD2C8B0048162F /* PageRow.swift */; };
/* End PBXBuildFile section */

/* Begin PBXContainerItemProxy section */
		840F907928DD2A090048162F /* PBXContainerItemProxy */ = {
			isa = PBXContainerItemProxy;
			containerPortal = 840F906028DD2A070048162F /* Project object */;
			proxyType = 1;
			remoteGlobalIDString = 840F906728DD2A070048162F;
			remoteInfo = SwiftLearning;
		};
		840F908328DD2A090048162F /* PBXContainerItemProxy */ = {
			isa = PBXContainerItemProxy;
			containerPortal = 840F906028DD2A070048162F /* Project object */;
			proxyType = 1;
			remoteGlobalIDString = 840F906728DD2A070048162F;
			remoteInfo = SwiftLearning;
		};
/* End PBXContainerItemProxy section */

/* Begin PBXFileReference section */
		840F906828DD2A070048162F /* SwiftLearning.app */ = {isa = PBXFileReference; explicitFileType = wrapper.application; includeInIndex = 0; path = SwiftLearning.app; sourceTree = BUILT_PRODUCTS_DIR; };
		840F906B28DD2A070048162F /* SwiftLearningApp.swift */ = {isa = PBXFileReference; lastKnownFileType = sourcecode.swift; path = SwiftLearningApp.swift; sourceTree = "<group>"; };
		840F906D28DD2A070048162F /* ContentView.swift */ = {isa = PBXFileReference; lastKnownFileType = sourcecode.swift; path = ContentView.swift; sourceTree = "<group>"; };
		840F906F28DD2A090048162F /* Assets.xcassets */ = {isa = PBXFileReference; lastKnownFileType = folder.assetcatalog; path = Assets.xcassets; sourceTree = "<group>"; };
		840F907228DD2A090048162F /* Preview Assets.xcassets */ = {isa = PBXFileReference; lastKnownFileType = folder.assetcatalog; path = "Preview Assets.xcassets"; sourceTree = "<group>"; };
		840F907828DD2A090048162F /* SwiftLearningTests.xctest */ = {isa = PBXFileReference; explicitFileType = wrapper.cfbundle; includeInIndex = 0; path = SwiftLearningTests.xctest; sourceTree = BUILT_PRODUCTS_DIR; };
		840F907C28DD2A090048162F /* SwiftLearningTests.swift */ = {isa = PBXFileReference; lastKnownFileType = sourcecode.swift; path = SwiftLearningTests.swift; sourceTree = "<group>"; };
		840F908228DD2A090048162F /* SwiftLearningUITests.xctest */ = {isa = PBXFileReference; explicitFileType = wrapper.cfbundle; includeInIndex = 0; path = SwiftLearningUITests.xctest; sourceTree = BUILT_PRODUCTS_DIR; };
		840F908628DD2A090048162F /* SwiftLearningUITests.swift */ = {isa = PBXFileReference; lastKnownFileType = sourcecode.swift; path = SwiftLearningUITests.swift; sourceTree = "<group>"; };
		840F908828DD2A090048162F /* SwiftLearningUITestsLaunchTests.swift */ = {isa = PBXFileReference; lastKnownFileType = sourcecode.swift; path = SwiftLearningUITestsLaunchTests.swift; sourceTree = "<group>"; };
		840F909728DD2BF20048162F /* LotteryControl.swift */ = {isa = PBXFileReference; fileEncoding = 4; lastKnownFileType = sourcecode.swift; path = LotteryControl.swift; sourceTree = "<group>"; };
		840F909828DD2BF20048162F /* LotteryView.swift */ = {isa = PBXFileReference; fileEncoding = 4; lastKnownFileType = sourcecode.swift; path = LotteryView.swift; sourceTree = "<group>"; };
		840F909B28DD2C8B0048162F /* PageRow.swift */ = {isa = PBXFileReference; lastKnownFileType = sourcecode.swift; path = PageRow.swift; sourceTree = "<group>"; };
/* End PBXFileReference section */

/* Begin PBXFrameworksBuildPhase section */
		840F906528DD2A070048162F /* Frameworks */ = {
			isa = PBXFrameworksBuildPhase;
			buildActionMask = 2147483647;
			files = (
			);
			runOnlyForDeploymentPostprocessing = 0;
		};
		840F907528DD2A090048162F /* Frameworks */ = {
			isa = PBXFrameworksBuildPhase;
			buildActionMask = 2147483647;
			files = (
			);
			runOnlyForDeploymentPostprocessing = 0;
		};
		840F907F28DD2A090048162F /* Frameworks */ = {
			isa = PBXFrameworksBuildPhase;
			buildActionMask = 2147483647;
			files = (
			);
			runOnlyForDeploymentPostprocessing = 0;
		};
/* End PBXFrameworksBuildPhase section */

/* Begin PBXGroup section */
		840F905F28DD2A070048162F = {
			isa = PBXGroup;
			children = (
				840F906A28DD2A070048162F /* SwiftLearning */,
				840F907B28DD2A090048162F /* SwiftLearningTests */,
				840F908528DD2A090048162F /* SwiftLearningUITests */,
				840F906928DD2A070048162F /* Products */,
			);
			sourceTree = "<group>";
		};
		840F906928DD2A070048162F /* Products */ = {
			isa = PBXGroup;
			children = (
				840F906828DD2A070048162F /* SwiftLearning.app */,
				840F907828DD2A090048162F /* SwiftLearningTests.xctest */,
				840F908228DD2A090048162F /* SwiftLearningUITests.xctest */,
			);
			name = Products;
			sourceTree = "<group>";
		};
		840F906A28DD2A070048162F /* SwiftLearning */ = {
			isa = PBXGroup;
			children = (
				840F906B28DD2A070048162F /* SwiftLearningApp.swift */,
				840F906D28DD2A070048162F /* ContentView.swift */,
				840F909B28DD2C8B0048162F /* PageRow.swift */,
				840F909528DD2BBC0048162F /* Page */,
				840F906F28DD2A090048162F /* Assets.xcassets */,
				840F907128DD2A090048162F /* Preview Content */,
			);
			path = SwiftLearning;
			sourceTree = "<group>";
		};
		840F907128DD2A090048162F /* Preview Content */ = {
			isa = PBXGroup;
			children = (
				840F907228DD2A090048162F /* Preview Assets.xcassets */,
			);
			path = "Preview Content";
			sourceTree = "<group>";
		};
		840F907B28DD2A090048162F /* SwiftLearningTests */ = {
			isa = PBXGroup;
			children = (
				840F907C28DD2A090048162F /* SwiftLearningTests.swift */,
			);
			path = SwiftLearningTests;
			sourceTree = "<group>";
		};
		840F908528DD2A090048162F /* SwiftLearningUITests */ = {
			isa = PBXGroup;
			children = (
				840F908628DD2A090048162F /* SwiftLearningUITests.swift */,
				840F908828DD2A090048162F /* SwiftLearningUITestsLaunchTests.swift */,
			);
			path = SwiftLearningUITests;
			sourceTree = "<group>";
		};
		840F909528DD2BBC0048162F /* Page */ = {
			isa = PBXGroup;
			children = (
				840F909628DD2BC50048162F /* Lottie */,
			);
			path = Page;
			sourceTree = "<group>";
		};
		840F909628DD2BC50048162F /* Lottie */ = {
			isa = PBXGroup;
			children = (
				840F909728DD2BF20048162F /* LotteryControl.swift */,
				840F909828DD2BF20048162F /* LotteryView.swift */,
			);
			path = Lottie;
			sourceTree = "<group>";
		};
/* End PBXGroup section */

/* Begin PBXNativeTarget section */
		840F906728DD2A070048162F /* SwiftLearning */ = {
			isa = PBXNativeTarget;
			buildConfigurationList = 840F908C28DD2A090048162F /* Build configuration list for PBXNativeTarget "SwiftLearning" */;
			buildPhases = (
				840F906428DD2A070048162F /* Sources */,
				840F906528DD2A070048162F /* Frameworks */,
				840F906628DD2A070048162F /* Resources */,
			);
			buildRules = (
			);
			dependencies = (
			);
			name = SwiftLearning;
			productName = SwiftLearning;
			productReference = 840F906828DD2A070048162F /* SwiftLearning.app */;
			productType = "com.apple.product-type.application";
		};
		840F907728DD2A090048162F /* SwiftLearningTests */ = {
			isa = PBXNativeTarget;
			buildConfigurationList = 840F908F28DD2A090048162F /* Build configuration list for PBXNativeTarget "SwiftLearningTests" */;
			buildPhases = (
				840F907428DD2A090048162F /* Sources */,
				840F907528DD2A090048162F /* Frameworks */,
				840F907628DD2A090048162F /* Resources */,
			);
			buildRules = (
			);
			dependencies = (
				840F907A28DD2A090048162F /* PBXTargetDependency */,
			);
			name = SwiftLearningTests;
			productName = SwiftLearningTests;
			productReference = 840F907828DD2A090048162F /* SwiftLearningTests.xctest */;
			productType = "com.apple.product-type.bundle.unit-test";
		};
		840F908128DD2A090048162F /* SwiftLearningUITests */ = {
			isa = PBXNativeTarget;
			buildConfigurationList = 840F909228DD2A090048162F /* Build configuration list for PBXNativeTarget "SwiftLearningUITests" */;
			buildPhases = (
				840F907E28DD2A090048162F /* Sources */,
				840F907F28DD2A090048162F /* Frameworks */,
				840F908028DD2A090048162F /* Resources */,
			);
			buildRules = (
			);
			dependencies = (
				840F908428DD2A090048162F /* PBXTargetDependency */,
			);
			name = SwiftLearningUITests;
			productName = SwiftLearningUITests;
			productReference = 840F908228DD2A090048162F /* SwiftLearningUITests.xctest */;
			productType = "com.apple.product-type.bundle.ui-testing";
		};
/* End PBXNativeTarget section */

/* Begin PBXProject section */
		840F906028DD2A070048162F /* Project object */ = {
			isa = PBXProject;
			attributes = {
				BuildIndependentTargetsInParallel = 1;
				LastSwiftUpdateCheck = 1340;
				LastUpgradeCheck = 1340;
				TargetAttributes = {
					840F906728DD2A070048162F = {
						CreatedOnToolsVersion = 13.4.1;
					};
					840F907728DD2A090048162F = {
						CreatedOnToolsVersion = 13.4.1;
						TestTargetID = 840F906728DD2A070048162F;
					};
					840F908128DD2A090048162F = {
						CreatedOnToolsVersion = 13.4.1;
						TestTargetID = 840F906728DD2A070048162F;
					};
				};
			};
			buildConfigurationList = 840F906328DD2A070048162F /* Build configuration list for PBXProject "SwiftLearning" */;
			compatibilityVersion = "Xcode 13.0";
			developmentRegion = en;
			hasScannedForEncodings = 0;
			knownRegions = (
				en,
				Base,
			);
			mainGroup = 840F905F28DD2A070048162F;
			productRefGroup = 840F906928DD2A070048162F /* Products */;
			projectDirPath = "";
			projectRoot = "";
			targets = (
				840F906728DD2A070048162F /* SwiftLearning */,
				840F907728DD2A090048162F /* SwiftLearningTests */,
				840F908128DD2A090048162F /* SwiftLearningUITests */,
			);
		};
/* End PBXProject section */

/* Begin PBXResourcesBuildPhase section */
		840F906628DD2A070048162F /* Resources */ = {
			isa = PBXResourcesBuildPhase;
			buildActionMask = 2147483647;
			files = (
				840F907328DD2A090048162F /* Preview Assets.xcassets in Resources */,
				840F907028DD2A090048162F /* Assets.xcassets in Resources */,
			);
			runOnlyForDeploymentPostprocessing = 0;
		};
		840F907628DD2A090048162F /* Resources */ = {
			isa = PBXResourcesBuildPhase;
			buildActionMask = 2147483647;
			files = (
			);
			runOnlyForDeploymentPostprocessing = 0;
		};
		840F908028DD2A090048162F /* Resources */ = {
			isa = PBXResourcesBuildPhase;
			buildActionMask = 2147483647;
			files = (
			);
			runOnlyForDeploymentPostprocessing = 0;
		};
/* End PBXResourcesBuildPhase section */

/* Begin PBXSourcesBuildPhase section */
		840F906428DD2A070048162F /* Sources */ = {
			isa = PBXSourcesBuildPhase;
			buildActionMask = 2147483647;
			files = (
				840F906E28DD2A070048162F /* ContentView.swift in Sources */,
				840F909C28DD2C8B0048162F /* PageRow.swift in Sources */,
				840F906C28DD2A070048162F /* SwiftLearningApp.swift in Sources */,
				840F909A28DD2BF20048162F /* LotteryView.swift in Sources */,
				840F909928DD2BF20048162F /* LotteryControl.swift in Sources */,
			);
			runOnlyForDeploymentPostprocessing = 0;
		};
		840F907428DD2A090048162F /* Sources */ = {
			isa = PBXSourcesBuildPhase;
			buildActionMask = 2147483647;
			files = (
				840F907D28DD2A090048162F /* SwiftLearningTests.swift in Sources */,
			);
			runOnlyForDeploymentPostprocessing = 0;
		};
		840F907E28DD2A090048162F /* Sources */ = {
			isa = PBXSourcesBuildPhase;
			buildActionMask = 2147483647;
			files = (
				840F908928DD2A090048162F /* SwiftLearningUITestsLaunchTests.swift in Sources */,
				840F908728DD2A090048162F /* SwiftLearningUITests.swift in Sources */,
			);
			runOnlyForDeploymentPostprocessing = 0;
		};
/* End PBXSourcesBuildPhase section */

/* Begin PBXTargetDependency section */
		840F907A28DD2A090048162F /* PBXTargetDependency */ = {
			isa = PBXTargetDependency;
			target = 840F906728DD2A070048162F /* SwiftLearning */;
			targetProxy = 840F907928DD2A090048162F /* PBXContainerItemProxy */;
		};
		840F908428DD2A090048162F /* PBXTargetDependency */ = {
			isa = PBXTargetDependency;
			target = 840F906728DD2A070048162F /* SwiftLearning */;
			targetProxy = 840F908328DD2A090048162F /* PBXContainerItemProxy */;
		};
/* End PBXTargetDependency section */

/* Begin XCBuildConfiguration section */
		840F908A28DD2A090048162F /* Debug */ = {
			isa = XCBuildConfiguration;
			buildSettings = {
				ALWAYS_SEARCH_USER_PATHS = NO;
				CLANG_ANALYZER_NONNULL = YES;
				CLANG_ANALYZER_NUMBER_OBJECT_CONVERSION = YES_AGGRESSIVE;
				CLANG_CXX_LANGUAGE_STANDARD = "gnu++17";
				CLANG_ENABLE_MODULES = YES;
				CLANG_ENABLE_OBJC_ARC = YES;
				CLANG_ENABLE_OBJC_WEAK = YES;
				CLANG_WARN_BLOCK_CAPTURE_AUTORELEASING = YES;
				CLANG_WARN_BOOL_CONVERSION = YES;
				CLANG_WARN_COMMA = YES;
				CLANG_WARN_CONSTANT_CONVERSION = YES;
				CLANG_WARN_DEPRECATED_OBJC_IMPLEMENTATIONS = YES;
				CLANG_WARN_DIRECT_OBJC_ISA_USAGE = YES_ERROR;
				CLANG_WARN_DOCUMENTATION_COMMENTS = YES;
				CLANG_WARN_EMPTY_BODY = YES;
				CLANG_WARN_ENUM_CONVERSION = YES;
				CLANG_WARN_INFINITE_RECURSION = YES;
				CLANG_WARN_INT_CONVERSION = YES;
				CLANG_WARN_NON_LITERAL_NULL_CONVERSION = YES;
				CLANG_WARN_OBJC_IMPLICIT_RETAIN_SELF = YES;
				CLANG_WARN_OBJC_LITERAL_CONVERSION = YES;
				CLANG_WARN_OBJC_ROOT_CLASS = YES_ERROR;
				CLANG_WARN_QUOTED_INCLUDE_IN_FRAMEWORK_HEADER = YES;
				CLANG_WARN_RANGE_LOOP_ANALYSIS = YES;
				CLANG_WARN_STRICT_PROTOTYPES = YES;
				CLANG_WARN_SUSPICIOUS_MOVE = YES;
				CLANG_WARN_UNGUARDED_AVAILABILITY = YES_AGGRESSIVE;
				CLANG_WARN_UNREACHABLE_CODE = YES;
				CLANG_WARN__DUPLICATE_METHOD_MATCH = YES;
				COPY_PHASE_STRIP = NO;
				DEBUG_INFORMATION_FORMAT = dwarf;
				ENABLE_STRICT_OBJC_MSGSEND = YES;
				ENABLE_TESTABILITY = YES;
				GCC_C_LANGUAGE_STANDARD = gnu11;
				GCC_DYNAMIC_NO_PIC = NO;
				GCC_NO_COMMON_BLOCKS = YES;
				GCC_OPTIMIZATION_LEVEL = 0;
				GCC_PREPROCESSOR_DEFINITIONS = (
					"DEBUG=1",
					"$(inherited)",
				);
				GCC_WARN_64_TO_32_BIT_CONVERSION = YES;
				GCC_WARN_ABOUT_RETURN_TYPE = YES_ERROR;
				GCC_WARN_UNDECLARED_SELECTOR = YES;
				GCC_WARN_UNINITIALIZED_AUTOS = YES_AGGRESSIVE;
				GCC_WARN_UNUSED_FUNCTION = YES;
				GCC_WARN_UNUSED_VARIABLE = YES;
				IPHONEOS_DEPLOYMENT_TARGET = 15.5;
				MTL_ENABLE_DEBUG_INFO = INCLUDE_SOURCE;
				MTL_FAST_MATH = YES;
				ONLY_ACTIVE_ARCH = YES;
				SDKROOT = iphoneos;
				SWIFT_ACTIVE_COMPILATION_CONDITIONS = DEBUG;
				SWIFT_OPTIMIZATION_LEVEL = "-Onone";
			};
			name = Debug;
		};
		840F908B28DD2A090048162F /* Release */ = {
			isa = XCBuildConfiguration;
			buildSettings = {
				ALWAYS_SEARCH_USER_PATHS = NO;
				CLANG_ANALYZER_NONNULL = YES;
				CLANG_ANALYZER_NUMBER_OBJECT_CONVERSION = YES_AGGRESSIVE;
				CLANG_CXX_LANGUAGE_STANDARD = "gnu++17";
				CLANG_ENABLE_MODULES = YES;
				CLANG_ENABLE_OBJC_ARC = YES;
				CLANG_ENABLE_OBJC_WEAK = YES;
				CLANG_WARN_BLOCK_CAPTURE_AUTORELEASING = YES;
				CLANG_WARN_BOOL_CONVERSION = YES;
				CLANG_WARN_COMMA = YES;
				CLANG_WARN_CONSTANT_CONVERSION = YES;
				CLANG_WARN_DEPRECATED_OBJC_IMPLEMENTATIONS = YES;
				CLANG_WARN_DIRECT_OBJC_ISA_USAGE = YES_ERROR;
				CLANG_WARN_DOCUMENTATION_COMMENTS = YES;
				CLANG_WARN_EMPTY_BODY = YES;
				CLANG_WARN_ENUM_CONVERSION = YES;
				CLANG_WARN_INFINITE_RECURSION = YES;
				CLANG_WARN_INT_CONVERSION = YES;
				CLANG_WARN_NON_LITERAL_NULL_CONVERSION = YES;
				CLANG_WARN_OBJC_IMPLICIT_RETAIN_SELF = YES;
				CLANG_WARN_OBJC_LITERAL_CONVERSION = YES;
				CLANG_WARN_OBJC_ROOT_CLASS = YES_ERROR;
				CLANG_WARN_QUOTED_INCLUDE_IN_FRAMEWORK_HEADER = YES;
				CLANG_WARN_RANGE_LOOP_ANALYSIS = YES;
				CLANG_WARN_STRICT_PROTOTYPES = YES;
				CLANG_WARN_SUSPICIOUS_MOVE = YES;
				CLANG_WARN_UNGUARDED_AVAILABILITY = YES_AGGRESSIVE;
				CLANG_WARN_UNREACHABLE_CODE = YES;
				CLANG_WARN__DUPLICATE_METHOD_MATCH = YES;
				COPY_PHASE_STRIP = NO;
				DEBUG_INFORMATION_FORMAT = "dwarf-with-dsym";
				ENABLE_NS_ASSERTIONS = NO;
				ENABLE_STRICT_OBJC_MSGSEND = YES;
				GCC_C_LANGUAGE_STANDARD = gnu11;
				GCC_NO_COMMON_BLOCKS = YES;
				GCC_WARN_64_TO_32_BIT_CONVERSION = YES;
				GCC_WARN_ABOUT_RETURN_TYPE = YES_ERROR;
				GCC_WARN_UNDECLARED_SELECTOR = YES;
				GCC_WARN_UNINITIALIZED_AUTOS = YES_AGGRESSIVE;
				GCC_WARN_UNUSED_FUNCTION = YES;
				GCC_WARN_UNUSED_VARIABLE = YES;
				IPHONEOS_DEPLOYMENT_TARGET = 15.5;
				MTL_ENABLE_DEBUG_INFO = NO;
				MTL_FAST_MATH = YES;
				SDKROOT = iphoneos;
				SWIFT_COMPILATION_MODE = wholemodule;
				SWIFT_OPTIMIZATION_LEVEL = "-O";
				VALIDATE_PRODUCT = YES;
			};
			name = Release;
		};
		840F908D28DD2A090048162F /* Debug */ = {
			isa = XCBuildConfiguration;
			buildSettings = {
				ASSETCATALOG_COMPILER_APPICON_NAME = AppIcon;
				ASSETCATALOG_COMPILER_GLOBAL_ACCENT_COLOR_NAME = AccentColor;
				CODE_SIGN_STYLE = Automatic;
				CURRENT_PROJECT_VERSION = 1;
				DEVELOPMENT_ASSET_PATHS = "\"SwiftLearning/Preview Content\"";
				DEVELOPMENT_TEAM = ADF52XEVN9;
				ENABLE_PREVIEWS = YES;
				GENERATE_INFOPLIST_FILE = YES;
				INFOPLIST_KEY_UIApplicationSceneManifest_Generation = YES;
				INFOPLIST_KEY_UIApplicationSupportsIndirectInputEvents = YES;
				INFOPLIST_KEY_UILaunchScreen_Generation = YES;
				INFOPLIST_KEY_UISupportedInterfaceOrientations_iPad = "UIInterfaceOrientationPortrait UIInterfaceOrientationPortraitUpsideDown UIInterfaceOrientationLandscapeLeft UIInterfaceOrientationLandscapeRight";
				INFOPLIST_KEY_UISupportedInterfaceOrientations_iPhone = "UIInterfaceOrientationPortrait UIInterfaceOrientationLandscapeLeft UIInterfaceOrientationLandscapeRight";
				LD_RUNPATH_SEARCH_PATHS = (
					"$(inherited)",
					"@executable_path/Frameworks",
				);
				MARKETING_VERSION = 1.0;
				PRODUCT_BUNDLE_IDENTIFIER = com.forthonliu.SwiftLearning;
				PRODUCT_NAME = "$(TARGET_NAME)";
				SWIFT_EMIT_LOC_STRINGS = YES;
				SWIFT_VERSION = 5.0;
				TARGETED_DEVICE_FAMILY = "1,2";
			};
			name = Debug;
		};
		840F908E28DD2A090048162F /* Release */ = {
			isa = XCBuildConfiguration;
			buildSettings = {
				ASSETCATALOG_COMPILER_APPICON_NAME = AppIcon;
				ASSETCATALOG_COMPILER_GLOBAL_ACCENT_COLOR_NAME = AccentColor;
				CODE_SIGN_STYLE = Automatic;
				CURRENT_PROJECT_VERSION = 1;
				DEVELOPMENT_ASSET_PATHS = "\"SwiftLearning/Preview Content\"";
				DEVELOPMENT_TEAM = ADF52XEVN9;
				ENABLE_PREVIEWS = YES;
				GENERATE_INFOPLIST_FILE = YES;
				INFOPLIST_KEY_UIApplicationSceneManifest_Generation = YES;
				INFOPLIST_KEY_UIApplicationSupportsIndirectInputEvents = YES;
				INFOPLIST_KEY_UILaunchScreen_Generation = YES;
				INFOPLIST_KEY_UISupportedInterfaceOrientations_iPad = "UIInterfaceOrientationPortrait UIInterfaceOrientationPortraitUpsideDown UIInterfaceOrientationLandscapeLeft UIInterfaceOrientationLandscapeRight";
				INFOPLIST_KEY_UISupportedInterfaceOrientations_iPhone = "UIInterfaceOrientationPortrait UIInterfaceOrientationLandscapeLeft UIInterfaceOrientationLandscapeRight";
				LD_RUNPATH_SEARCH_PATHS = (
					"$(inherited)",
					"@executable_path/Frameworks",
				);
				MARKETING_VERSION = 1.0;
				PRODUCT_BUNDLE_IDENTIFIER = com.forthonliu.SwiftLearning;
				PRODUCT_NAME = "$(TARGET_NAME)";
				SWIFT_EMIT_LOC_STRINGS = YES;
				SWIFT_VERSION = 5.0;
				TARGETED_DEVICE_FAMILY = "1,2";
			};
			name = Release;
		};
		840F909028DD2A090048162F /* Debug */ = {
			isa = XCBuildConfiguration;
			buildSettings = {
				ALWAYS_EMBED_SWIFT_STANDARD_LIBRARIES = YES;
				BUNDLE_LOADER = "$(TEST_HOST)";
				CODE_SIGN_STYLE = Automatic;
				CURRENT_PROJECT_VERSION = 1;
				DEVELOPMENT_TEAM = ADF52XEVN9;
				GENERATE_INFOPLIST_FILE = YES;
				IPHONEOS_DEPLOYMENT_TARGET = 15.5;
				MARKETING_VERSION = 1.0;
				PRODUCT_BUNDLE_IDENTIFIER = com.forthonliu.SwiftLearningTests;
				PRODUCT_NAME = "$(TARGET_NAME)";
				SWIFT_EMIT_LOC_STRINGS = NO;
				SWIFT_VERSION = 5.0;
				TARGETED_DEVICE_FAMILY = "1,2";
				TEST_HOST = "$(BUILT_PRODUCTS_DIR)/SwiftLearning.app/SwiftLearning";
			};
			name = Debug;
		};
		840F909128DD2A090048162F /* Release */ = {
			isa = XCBuildConfiguration;
			buildSettings = {
				ALWAYS_EMBED_SWIFT_STANDARD_LIBRARIES = YES;
				BUNDLE_LOADER = "$(TEST_HOST)";
				CODE_SIGN_STYLE = Automatic;
				CURRENT_PROJECT_VERSION = 1;
				DEVELOPMENT_TEAM = ADF52XEVN9;
				GENERATE_INFOPLIST_FILE = YES;
				IPHONEOS_DEPLOYMENT_TARGET = 15.5;
				MARKETING_VERSION = 1.0;
				PRODUCT_BUNDLE_IDENTIFIER = com.forthonliu.SwiftLearningTests;
				PRODUCT_NAME = "$(TARGET_NAME)";
				SWIFT_EMIT_LOC_STRINGS = NO;
				SWIFT_VERSION = 5.0;
				TARGETED_DEVICE_FAMILY = "1,2";
				TEST_HOST = "$(BUILT_PRODUCTS_DIR)/SwiftLearning.app/SwiftLearning";
			};
			name = Release;
		};
		840F909328DD2A090048162F /* Debug */ = {
			isa = XCBuildConfiguration;
			buildSettings = {
				ALWAYS_EMBED_SWIFT_STANDARD_LIBRARIES = YES;
				CODE_SIGN_STYLE = Automatic;
				CURRENT_PROJECT_VERSION = 1;
				DEVELOPMENT_TEAM = ADF52XEVN9;
				GENERATE_INFOPLIST_FILE = YES;
				MARKETING_VERSION = 1.0;
				PRODUCT_BUNDLE_IDENTIFIER = com.forthonliu.SwiftLearningUITests;
				PRODUCT_NAME = "$(TARGET_NAME)";
				SWIFT_EMIT_LOC_STRINGS = NO;
				SWIFT_VERSION = 5.0;
				TARGETED_DEVICE_FAMILY = "1,2";
				TEST_TARGET_NAME = SwiftLearning;
			};
			name = Debug;
		};
		840F909428DD2A090048162F /* Release */ = {
			isa = XCBuildConfiguration;
			buildSettings = {
				ALWAYS_EMBED_SWIFT_STANDARD_LIBRARIES = YES;
				CODE_SIGN_STYLE = Automatic;
				CURRENT_PROJECT_VERSION = 1;
				DEVELOPMENT_TEAM = ADF52XEVN9;
				GENERATE_INFOPLIST_FILE = YES;
				MARKETING_VERSION = 1.0;
				PRODUCT_BUNDLE_IDENTIFIER = com.forthonliu.SwiftLearningUITests;
				PRODUCT_NAME = "$(TARGET_NAME)";
				SWIFT_EMIT_LOC_STRINGS = NO;
				SWIFT_VERSION = 5.0;
				TARGETED_DEVICE_FAMILY = "1,2";
				TEST_TARGET_NAME = SwiftLearning;
			};
			name = Release;
		};
/* End XCBuildConfiguration section */

/* Begin XCConfigurationList section */
		840F906328DD2A070048162F /* Build configuration list for PBXProject "SwiftLearning" */ = {
			isa = XCConfigurationList;
			buildConfigurations = (
				840F908A28DD2A090048162F /* Debug */,
				840F908B28DD2A090048162F /* Release */,
			);
			defaultConfigurationIsVisible = 0;
			defaultConfigurationName = Release;
		};
		840F908C28DD2A090048162F /* Build configuration list for PBXNativeTarget "SwiftLearning" */ = {
			isa = XCConfigurationList;
			buildConfigurations = (
				840F908D28DD2A090048162F /* Debug */,
				840F908E28DD2A090048162F /* Release */,
			);
			defaultConfigurationIsVisible = 0;
			defaultConfigurationName = Release;
		};
		840F908F28DD2A090048162F /* Build configuration list for PBXNativeTarget "SwiftLearningTests" */ = {
			isa = XCConfigurationList;
			buildConfigurations = (
				840F909028DD2A090048162F /* Debug */,
				840F909128DD2A090048162F /* Release */,
			);
			defaultConfigurationIsVisible = 0;
			defaultConfigurationName = Release;
		};
		840F909228DD2A090048162F /* Build configuration list for PBXNativeTarget "SwiftLearningUITests" */ = {
			isa = XCConfigurationList;
			buildConfigurations = (
				840F909328DD2A090048162F /* Debug */,
				840F909428DD2A090048162F /* Release */,
			);
			defaultConfigurationIsVisible = 0;
			defaultConfigurationName = Release;
		};
/* End XCConfigurationList section */
	};
	rootObject = 840F906028DD2A070048162F /* Project object */;
}
